
Microsoft Visual Studio Solution File, Format Version 12.00
# Visual Studio 15
VisualStudioVersion = 15.0.28307.421
MinimumVisualStudioVersion = 10.0.40219.1
Project("{9A19103F-16F7-4668-BE54-9A1E7A4F7556}") = "CoopEditorJSWebAPI", "CoopEditorJSWebAPI\CoopEditorJSWebAPI.csproj", "{3C10DA6E-CA1A-4A12-8E07-D9E06185182D}"
EndProject
Project("{9A19103F-16F7-4668-BE54-9A1E7A4F7556}") = "CoopEditorJSEnitites", "CoopEditorJSEnitites\CoopEditorJSEnitites.csproj", "{B7D25090-EF8F-47BC-9DDD-14E3FB9C816C}"
EndProject
Project("{FAE04EC0-301F-11D3-BF4B-00C04F79EFBC}") = "CoopEditorJsServices", "CoopEditorJsServices\CoopEditorJsServices.csproj", "{3FB66E08-F347-4DA8-805E-902EEC83869A}"
EndProject
Global
	GlobalSection(SolutionConfigurationPlatforms) = preSolution
		Debug|Any CPU = Debug|Any CPU
		Release|Any CPU = Release|Any CPU
	EndGlobalSection
	GlobalSection(ProjectConfigurationPlatforms) = postSolution
		{3C10DA6E-CA1A-4A12-8E07-D9E06185182D}.Debug|Any CPU.ActiveCfg = Debug|Any CPU
		{3C10DA6E-CA1A-4A12-8E07-D9E06185182D}.Debug|Any CPU.Build.0 = Debug|Any CPU
		{3C10DA6E-CA1A-4A12-8E07-D9E06185182D}.Release|Any CPU.ActiveCfg = Release|Any CPU
		{3C10DA6E-CA1A-4A12-8E07-D9E06185182D}.Release|Any CPU.Build.0 = Release|Any CPU
		{B7D25090-EF8F-47BC-9DDD-14E3FB9C816C}.Debug|Any CPU.ActiveCfg = Debug|Any CPU
		{B7D25090-EF8F-47BC-9DDD-14E3FB9C816C}.Debug|Any CPU.Build.0 = Debug|Any CPU
		{B7D25090-EF8F-47BC-9DDD-14E3FB9C816C}.Release|Any CPU.ActiveCfg = Release|Any CPU
		{B7D25090-EF8F-47BC-9DDD-14E3FB9C816C}.Release|Any CPU.Build.0 = Release|Any CPU
		{3FB66E08-F347-4DA8-805E-902EEC83869A}.Debug|Any CPU.ActiveCfg = Debug|Any CPU
		{3FB66E08-F347-4DA8-805E-902EEC83869A}.Debug|Any CPU.Build.0 = Debug|Any CPU
		{3FB66E08-F347-4DA8-805E-902EEC83869A}.Release|Any CPU.ActiveCfg = Release|Any CPU
		{3FB66E08-F347-4DA8-805E-902EEC83869A}.Release|Any CPU.Build.0 = Release|Any CPU
	EndGlobalSection
	GlobalSection(SolutionProperties) = preSolution
		HideSolutionNode = FALSE
	EndGlobalSection
	GlobalSection(ExtensibilityGlobals) = postSolution
		SolutionGuid = {887B883C-053F-46C2-974C-EC2807BAF2CF}
	EndGlobalSection
EndGlobal
